# This file is automatically @generated by Poetry and should not be changed by hand.

[[package]]
name = "psycopg2"
version = "2.9.6"
description = "psycopg2 - Python-PostgreSQL Database Adapter"
category = "main"
optional = false
python-versions = ">=3.6"
files = [
    {file = "psycopg2-2.9.6-cp310-cp310-win32.whl", hash = "sha256:f7a7a5ee78ba7dc74265ba69e010ae89dae635eea0e97b055fb641a01a31d2b1"},
    {file = "psycopg2-2.9.6-cp310-cp310-win_amd64.whl", hash = "sha256:f75001a1cbbe523e00b0ef896a5a1ada2da93ccd752b7636db5a99bc57c44494"},
    {file = "psycopg2-2.9.6-cp311-cp311-win32.whl", hash = "sha256:53f4ad0a3988f983e9b49a5d9765d663bbe84f508ed655affdb810af9d0972ad"},
    {file = "psycopg2-2.9.6-cp311-cp311-win_amd64.whl", hash = "sha256:b81fcb9ecfc584f661b71c889edeae70bae30d3ef74fa0ca388ecda50b1222b7"},
    {file = "psycopg2-2.9.6-cp36-cp36m-win32.whl", hash = "sha256:11aca705ec888e4f4cea97289a0bf0f22a067a32614f6ef64fcf7b8bfbc53744"},
    {file = "psycopg2-2.9.6-cp36-cp36m-win_amd64.whl", hash = "sha256:36c941a767341d11549c0fbdbb2bf5be2eda4caf87f65dfcd7d146828bd27f39"},
    {file = "psycopg2-2.9.6-cp37-cp37m-win32.whl", hash = "sha256:869776630c04f335d4124f120b7fb377fe44b0a7645ab3c34b4ba42516951889"},
    {file = "psycopg2-2.9.6-cp37-cp37m-win_amd64.whl", hash = "sha256:a8ad4a47f42aa6aec8d061fdae21eaed8d864d4bb0f0cade5ad32ca16fcd6258"},
    {file = "psycopg2-2.9.6-cp38-cp38-win32.whl", hash = "sha256:2362ee4d07ac85ff0ad93e22c693d0f37ff63e28f0615a16b6635a645f4b9214"},
    {file = "psycopg2-2.9.6-cp38-cp38-win_amd64.whl", hash = "sha256:d24ead3716a7d093b90b27b3d73459fe8cd90fd7065cf43b3c40966221d8c394"},
    {file = "psycopg2-2.9.6-cp39-cp39-win32.whl", hash = "sha256:1861a53a6a0fd248e42ea37c957d36950da00266378746588eab4f4b5649e95f"},
    {file = "psycopg2-2.9.6-cp39-cp39-win_amd64.whl", hash = "sha256:ded2faa2e6dfb430af7713d87ab4abbfc764d8d7fb73eafe96a24155f906ebf5"},
    {file = "psycopg2-2.9.6.tar.gz", hash = "sha256:f15158418fd826831b28585e2ab48ed8df2d0d98f502a2b4fe619e7d5ca29011"},
]

[[package]]
name = "python-bitcoinrpc"
version = "1.0"
description = "Enhanced version of python-jsonrpc for use with Bitcoin"
category = "main"
optional = false
python-versions = "*"
files = [
    {file = "python-bitcoinrpc-1.0.tar.gz", hash = "sha256:a6a6f35672635163bc491c25fe29520bdd063dedbeda3b37bf5be97aa038c6e7"},
]

[[package]]
name = "ruff"
version = "0.0.265"
description = "An extremely fast Python linter, written in Rust."
category = "main"
optional = false
python-versions = ">=3.7"
files = [
    {file = "ruff-0.0.265-py3-none-macosx_10_7_x86_64.whl", hash = "sha256:30ddfe22de6ce4eb1260408f4480bbbce998f954dbf470228a21a9b2c45955e4"},
    {file = "ruff-0.0.265-py3-none-macosx_10_9_x86_64.macosx_11_0_arm64.macosx_10_9_universal2.whl", hash = "sha256:a11bd0889e88d3342e7bc514554bb4461bf6cc30ec115821c2425cfaac0b1b6a"},
    {file = "ruff-0.0.265-py3-none-manylinux_2_17_aarch64.manylinux2014_aarch64.whl", hash = "sha256:2a9b38bdb40a998cbc677db55b6225a6c4fadcf8819eb30695e1b8470942426b"},
    {file = "ruff-0.0.265-py3-none-manylinux_2_17_armv7l.manylinux2014_armv7l.whl", hash = "sha256:a8b44a245b60512403a6a03a5b5212da274d33862225c5eed3bcf12037eb19bb"},
    {file = "ruff-0.0.265-py3-none-manylinux_2_17_i686.manylinux2014_i686.whl", hash = "sha256:b279fa55ea175ef953208a6d8bfbcdcffac1c39b38cdb8c2bfafe9222add70bb"},
    {file = "ruff-0.0.265-py3-none-manylinux_2_17_ppc64.manylinux2014_ppc64.whl", hash = "sha256:5028950f7af9b119d43d91b215d5044976e43b96a0d1458d193ef0dd3c587bf8"},
    {file = "ruff-0.0.265-py3-none-manylinux_2_17_ppc64le.manylinux2014_ppc64le.whl", hash = "sha256:4057eb539a1d88eb84e9f6a36e0a999e0f261ed850ae5d5817e68968e7b89ed9"},
    {file = "ruff-0.0.265-py3-none-manylinux_2_17_s390x.manylinux2014_s390x.whl", hash = "sha256:d586e69ab5cbf521a1910b733412a5735936f6a610d805b89d35b6647e2a66aa"},
    {file = "ruff-0.0.265-py3-none-manylinux_2_17_x86_64.manylinux2014_x86_64.whl", hash = "sha256:aa17b13cd3f29fc57d06bf34c31f21d043735cc9a681203d634549b0e41047d1"},
    {file = "ruff-0.0.265-py3-none-musllinux_1_2_aarch64.whl", hash = "sha256:9ac13b11d9ad3001de9d637974ec5402a67cefdf9fffc3929ab44c2fcbb850a1"},
    {file = "ruff-0.0.265-py3-none-musllinux_1_2_armv7l.whl", hash = "sha256:62a9578b48cfd292c64ea3d28681dc16b1aa7445b7a7709a2884510fc0822118"},
    {file = "ruff-0.0.265-py3-none-musllinux_1_2_i686.whl", hash = "sha256:d0f9967f84da42d28e3d9d9354cc1575f96ed69e6e40a7d4b780a7a0418d9409"},
    {file = "ruff-0.0.265-py3-none-musllinux_1_2_x86_64.whl", hash = "sha256:1d5a8de2fbaf91ea5699451a06f4074e7a312accfa774ad9327cde3e4fda2081"},
    {file = "ruff-0.0.265-py3-none-win32.whl", hash = "sha256:9e9db5ccb810742d621f93272e3cc23b5f277d8d00c4a79668835d26ccbe48dd"},
    {file = "ruff-0.0.265-py3-none-win_amd64.whl", hash = "sha256:f54facf286103006171a00ce20388d88ed1d6732db3b49c11feb9bf3d46f90e9"},
    {file = "ruff-0.0.265-py3-none-win_arm64.whl", hash = "sha256:c78470656e33d32ddc54e8482b1b0fc6de58f1195586731e5ff1405d74421499"},
    {file = "ruff-0.0.265.tar.gz", hash = "sha256:53c17f0dab19ddc22b254b087d1381b601b155acfa8feed514f0d6a413d0ab3a"},
]

[[package]]
name = "tomli"
version = "2.0.1"
description = "A lil' TOML parser"
category = "main"
optional = false
python-versions = ">=3.7"
files = [
    {file = "tomli-2.0.1-py3-none-any.whl", hash = "sha256:939de3e7a6161af0c887ef91b7d41a53e7c5a1ca976325f429cb46ea9bc30ecc"},
    {file = "tomli-2.0.1.tar.gz", hash = "sha256:de526c12914f0c550d15924c62d72abc48d6fe7364aa87328337a31007fe8a4f"},
]

[metadata]
lock-version = "2.0"
python-versions = "^3.10"
content-hash = "334f8ff0f6e7805fca40a4e07f49b53158c4e9c4e63f76c563ff3f43c922fe3b"
